# THIS IS AN AUTOGENERATED FILE. DO NOT EDIT THIS FILE DIRECTLY.
# yarn lockfile v1


"@types/google.analytics@^0.0.29":
  version "0.0.29"
  resolved "https://registry.yarnpkg.com/@types/google.analytics/-/google.analytics-0.0.29.tgz#71ba2ece06be5e2649ce507de6c83f47bb218e64"

sush@^1.0.0:
  version "1.0.2"
  resolved "https://registry.yarnpkg.com/sush/-/sush-1.0.2.tgz#61e586842570839f4381a7bbc4ad5f1dbfcbc0c5"
